# THIS IS AN AUTOGENERATED FILE. DO NOT EDIT THIS FILE DIRECTLY.
# yarn lockfile v1


card-validator@^4.0.0:
  version "4.0.0"
  resolved "https://registry.yarnpkg.com/card-validator/-/card-validator-4.0.0.tgz#f054ab0f407693fc0ced073f4092e35f53c339c8"
  dependencies:
    credit-card-type "^5.0.0"

credit-card-type@^5.0.0:
  version "5.0.1"
  resolved "https://registry.yarnpkg.com/credit-card-type/-/credit-card-type-5.0.1.tgz#0e35efa17c7d36ea44c659de992b1d13072a587b"

lodash@^4.17.4:
  version "4.17.4"
  resolved "https://registry.yarnpkg.com/lodash/-/lodash-4.17.4.tgz#78203a4d1c328ae1d86dca6460e369b57f4055ae"
